
Microsoft Visual Studio Solution File, Format Version 12.00
# Visual Studio 14
VisualStudioVersion = 14.0.25420.1
MinimumVisualStudioVersion = 10.0.40219.1
Project("{E24C65DC-7377-472B-9ABA-BC803B73C61A}") = "GulpLab", "..\GulpLab", "{C373B564-A918-445B-9220-D3B7DDDCF15C}"
	ProjectSection(WebsiteProperties) = preProject
		TargetFrameworkMoniker = ".NETFramework,Version%3Dv4.0"
		Debug.AspNetCompiler.VirtualPath = "/localhost_8652"
		Debug.AspNetCompiler.PhysicalPath = "..\GulpLab\"
		Debug.AspNetCompiler.TargetPath = "PrecompiledWeb\localhost_8652\"
		Debug.AspNetCompiler.Updateable = "true"
		Debug.AspNetCompiler.ForceOverwrite = "true"
		Debug.AspNetCompiler.FixedNames = "false"
		Debug.AspNetCompiler.Debug = "True"
		Release.AspNetCompiler.VirtualPath = "/localhost_8652"
		Release.AspNetCompiler.PhysicalPath = "..\GulpLab\"
		Release.AspNetCompiler.TargetPath = "PrecompiledWeb\localhost_8652\"
		Release.AspNetCompiler.Updateable = "true"
		Release.AspNetCompiler.ForceOverwrite = "true"
		Release.AspNetCompiler.FixedNames = "false"
		Release.AspNetCompiler.Debug = "False"
		VWDPort = "8652"
		SlnRelativePath = "..\GulpLab\"
	EndProjectSection
EndProject
Global
	GlobalSection(SolutionConfigurationPlatforms) = preSolution
		Debug|Any CPU = Debug|Any CPU
	EndGlobalSection
	GlobalSection(ProjectConfigurationPlatforms) = postSolution
		{C373B564-A918-445B-9220-D3B7DDDCF15C}.Debug|Any CPU.ActiveCfg = Debug|Any CPU
		{C373B564-A918-445B-9220-D3B7DDDCF15C}.Debug|Any CPU.Build.0 = Debug|Any CPU
	EndGlobalSection
	GlobalSection(SolutionProperties) = preSolution
		HideSolutionNode = FALSE
	EndGlobalSection
EndGlobal
